
Microsoft Visual Studio Solution File, Format Version 12.00
# Visual Studio 14
VisualStudioVersion = 14.0.25123.0
MinimumVisualStudioVersion = 10.0.40219.1
Project("{2150E333-8FDC-42A3-9474-1A3956D46DE8}") = "Solution Items", "Solution Items", "{DBD158D6-D1DD-4650-B9B1-F6DAD2D21CC1}"
	ProjectSection(SolutionItems) = preProject
		..\.gitignore = ..\.gitignore
		global.json = global.json
	EndProjectSection
EndProject
Project("{FAE04EC0-301F-11D3-BF4B-00C04F79EFBC}") = "MultiSelectionCalendar.Test", "MultiSelectionCalendar.Test\MultiSelectionCalendar.Test.csproj", "{2354C10B-56A6-46C5-A969-A22484DA7165}"
	ProjectSection(ProjectDependencies) = postProject
		{ABC82F19-FF81-453B-B5FC-4823D740F77A} = {ABC82F19-FF81-453B-B5FC-4823D740F77A}
		{155572A4-BADD-4BC6-B54D-4B0B0C692966} = {155572A4-BADD-4BC6-B54D-4B0B0C692966}
	EndProjectSection
EndProject
Project("{FAE04EC0-301F-11D3-BF4B-00C04F79EFBC}") = "MultiSelectionCalendar.Script", "MultiSelectionCalendar.Script\MultiSelectionCalendar.Script.csproj", "{ABC82F19-FF81-453B-B5FC-4823D740F77A}"
EndProject
Project("{FAE04EC0-301F-11D3-BF4B-00C04F79EFBC}") = "MultiSelectionCalendar.Test.Script", "MultiSelectionCalendar.Test.Script\MultiSelectionCalendar.Test.Script.csproj", "{155572A4-BADD-4BC6-B54D-4B0B0C692966}"
	ProjectSection(ProjectDependencies) = postProject
		{ABC82F19-FF81-453B-B5FC-4823D740F77A} = {ABC82F19-FF81-453B-B5FC-4823D740F77A}
	EndProjectSection
EndProject
Project("{FAE04EC0-301F-11D3-BF4B-00C04F79EFBC}") = "Saltarelle.MultiSelectionCalendar", "Saltarelle.MultiSelectionCalendar\Saltarelle.MultiSelectionCalendar.csproj", "{62128900-B393-4182-B18A-4D847AC262BB}"
	ProjectSection(ProjectDependencies) = postProject
		{ABC82F19-FF81-453B-B5FC-4823D740F77A} = {ABC82F19-FF81-453B-B5FC-4823D740F77A}
	EndProjectSection
EndProject
Project("{2150E333-8FDC-42A3-9474-1A3956D46DE8}") = "documentation", "documentation", "{B79D3261-60B7-47FE-933A-D98952CB9CB9}"
	ProjectSection(SolutionItems) = preProject
		..\Documentation\Calendar1.jpg = ..\Documentation\Calendar1.jpg
		..\Documentation\history.md = ..\Documentation\history.md
		..\README.md = ..\README.md
	EndProjectSection
EndProject
Global
	GlobalSection(SolutionConfigurationPlatforms) = preSolution
		Debug|Any CPU = Debug|Any CPU
		Release|Any CPU = Release|Any CPU
	EndGlobalSection
	GlobalSection(ProjectConfigurationPlatforms) = postSolution
		{2354C10B-56A6-46C5-A969-A22484DA7165}.Debug|Any CPU.ActiveCfg = Debug|Any CPU
		{2354C10B-56A6-46C5-A969-A22484DA7165}.Debug|Any CPU.Build.0 = Debug|Any CPU
		{2354C10B-56A6-46C5-A969-A22484DA7165}.Release|Any CPU.ActiveCfg = Release|Any CPU
		{2354C10B-56A6-46C5-A969-A22484DA7165}.Release|Any CPU.Build.0 = Release|Any CPU
		{ABC82F19-FF81-453B-B5FC-4823D740F77A}.Debug|Any CPU.ActiveCfg = Debug|Any CPU
		{ABC82F19-FF81-453B-B5FC-4823D740F77A}.Debug|Any CPU.Build.0 = Debug|Any CPU
		{ABC82F19-FF81-453B-B5FC-4823D740F77A}.Release|Any CPU.ActiveCfg = Release|Any CPU
		{ABC82F19-FF81-453B-B5FC-4823D740F77A}.Release|Any CPU.Build.0 = Release|Any CPU
		{155572A4-BADD-4BC6-B54D-4B0B0C692966}.Debug|Any CPU.ActiveCfg = Debug|Any CPU
		{155572A4-BADD-4BC6-B54D-4B0B0C692966}.Debug|Any CPU.Build.0 = Debug|Any CPU
		{155572A4-BADD-4BC6-B54D-4B0B0C692966}.Release|Any CPU.ActiveCfg = Release|Any CPU
		{155572A4-BADD-4BC6-B54D-4B0B0C692966}.Release|Any CPU.Build.0 = Release|Any CPU
		{62128900-B393-4182-B18A-4D847AC262BB}.Debug|Any CPU.ActiveCfg = Debug|Any CPU
		{62128900-B393-4182-B18A-4D847AC262BB}.Debug|Any CPU.Build.0 = Debug|Any CPU
		{62128900-B393-4182-B18A-4D847AC262BB}.Release|Any CPU.ActiveCfg = Release|Any CPU
		{62128900-B393-4182-B18A-4D847AC262BB}.Release|Any CPU.Build.0 = Release|Any CPU
	EndGlobalSection
	GlobalSection(SolutionProperties) = preSolution
		HideSolutionNode = FALSE
	EndGlobalSection
EndGlobal
